{
  "version": 1,
  "dependencies": {
    "net9.0": {
      "coverlet.collector": {
        "type": "Direct",
        "requested": "[6.0.2, )",
        "resolved": "6.0.2",
        "contentHash": "bJShQ6uWRTQ100ZeyiMqcFlhP7WJ+bCuabUs885dJiBEzMsJMSFr7BOyeCw4rgvQokteGi5rKQTlkhfQPUXg2A=="
      },
      "Microsoft.DotNet.Interactive": {
        "type": "Direct",
        "requested": "[1.0.0-beta.25177.1, )",
        "resolved": "1.0.0-beta.25177.1",
        "contentHash": "2SsY3SrcpSpo5gCrlbOBgDBqOT5ez/53YbA26rE08pQ+9yM/KbDaJHgFYZ+MT8bllnp0VigCkxIHHY0SM8EjcQ==",
        "dependencies": {
          "Humanizer.Core": "2.14.1",
          "Microsoft.AspNetCore.Html.Abstractions": "2.2.0",
          "Microsoft.Bcl.AsyncInterfaces": "9.0.0",
          "Microsoft.Bcl.HashCode": "6.0.0",
          "Microsoft.CSharp": "4.7.0",
          "Microsoft.CodeAnalysis": "4.12.0",
          "Microsoft.CodeAnalysis.CSharp": "4.12.0",
          "Microsoft.CodeAnalysis.CSharp.Workspaces": "4.12.0",
          "Microsoft.CodeAnalysis.Common": "4.12.0",
          "Microsoft.CodeAnalysis.Workspaces.Common": "4.12.0",
          "Microsoft.DotNet.Interactive.Documents": "[1.0.0-beta.25177.1]",
          "Microsoft.DotNet.Interactive.Formatting": "[1.0.0-beta.25177.1]",
          "System.Collections.Immutable": "8.0.0",
          "System.Diagnostics.DiagnosticSource": "9.0.0",
          "System.IO.Pipelines": "9.0.0",
          "System.Memory": "4.6.0",
          "System.Reactive": "6.0.0",
          "System.Reflection.Metadata": "8.0.0",
          "System.Runtime.Loader": "4.3.0",
          "System.Text.Json": "9.0.0"
        }
      },
      "Microsoft.DotNet.Interactive.CSharp": {
        "type": "Direct",
        "requested": "[1.0.0-beta.25177.1, )",
        "resolved": "1.0.0-beta.25177.1",
        "contentHash": "3kcWuLfZtiiu4yN/V7sB+Q+8ac8tZQ5Sl2dg9tjaEQprz1bawDFYaUeFVcjfiYaWcMUz6v+OaE5W2iVcgW+0bA==",
        "dependencies": {
          "Humanizer.Core": "2.14.1",
          "Microsoft.AspNetCore.Html.Abstractions": "2.2.0",
          "Microsoft.Bcl.AsyncInterfaces": "9.0.0",
          "Microsoft.Bcl.HashCode": "6.0.0",
          "Microsoft.CSharp": "4.7.0",
          "Microsoft.CodeAnalysis": "4.12.0",
          "Microsoft.CodeAnalysis.CSharp": "4.12.0",
          "Microsoft.CodeAnalysis.CSharp.Features": "4.12.0",
          "Microsoft.CodeAnalysis.CSharp.Workspaces": "4.12.0",
          "Microsoft.CodeAnalysis.Common": "4.12.0",
          "Microsoft.CodeAnalysis.Features": "4.12.0",
          "Microsoft.CodeAnalysis.Scripting": "4.12.0",
          "Microsoft.CodeAnalysis.Scripting.Common": "4.12.0",
          "Microsoft.CodeAnalysis.Workspaces.Common": "4.12.0",
          "Microsoft.DotNet.Interactive": "[1.0.0-beta.25177.1]",
          "Microsoft.DotNet.Interactive.Formatting": "[1.0.0-beta.25177.1]",
          "System.Collections.Immutable": "8.0.0",
          "System.Diagnostics.DiagnosticSource": "9.0.0",
          "System.IO.Pipelines": "9.0.0",
          "System.Memory": "4.6.0",
          "System.Reactive": "6.0.0",
          "System.Reflection.Metadata": "8.0.0",
          "System.Runtime.Loader": "4.3.0",
          "System.Text.Json": "9.0.0"
        }
      },
      "Microsoft.DotNet.Interactive.Formatting": {
        "type": "Direct",
        "requested": "[1.0.0-beta.25177.1, )",
        "resolved": "1.0.0-beta.25177.1",
        "contentHash": "ccispy7mMmFPzLxzflxznHp8x2eJYWgpHb0wdCWM7at1v4RhAtQ/z+6ByNcf/fhqLADYj5OYhKXLO681Ll2E8g==",
        "dependencies": {
          "Microsoft.AspNetCore.Html.Abstractions": "2.2.0",
          "Microsoft.Bcl.AsyncInterfaces": "9.0.0",
          "Microsoft.CSharp": "4.7.0",
          "System.IO.Pipelines": "9.0.0",
          "System.Memory": "4.6.0",
          "System.Text.Json": "9.0.0"
        }
      },
      "Microsoft.NET.Test.Sdk": {
        "type": "Direct",
        "requested": "[17.12.0, )",
        "resolved": "17.12.0",
        "contentHash": "kt/PKBZ91rFCWxVIJZSgVLk+YR+4KxTuHf799ho8WNiK5ZQpJNAEZCAWX86vcKrs+DiYjiibpYKdGZP6+/N17w==",
        "dependencies": {
          "Microsoft.CodeCoverage": "17.12.0",
          "Microsoft.TestPlatform.TestHost": "17.12.0"
        }
      },
      "NUnit": {
        "type": "Direct",
        "requested": "[4.2.2, )",
        "resolved": "4.2.2",
        "contentHash": "mon0OPko28yZ/foVXrhiUvq1LReaGsBdziumyyYGxV/pOE4q92fuYeN+AF+gEU5pCjzykcdBt5l7xobTaiBjsg=="
      },
      "NUnit.Analyzers": {
        "type": "Direct",
        "requested": "[4.4.0, )",
        "resolved": "4.4.0",
        "contentHash": "VVl1CuQttXRZh52HRw5SIOut3qXw4pmuiTYk02jTELVWZ9uYRY8IVl2qF9Zs7W0ElPiLDUrAglFBzNLBCPzEcw=="
      },
      "NUnit3TestAdapter": {
        "type": "Direct",
        "requested": "[4.6.0, )",
        "resolved": "4.6.0",
        "contentHash": "R7e1+a4vuV/YS+ItfL7f//rG+JBvVeVLX4mHzFEZo4W1qEKl8Zz27AqvQSAqo+BtIzUCo4aAJMYa56VXS4hudw=="
      },
      "Humanizer.Core": {
        "type": "Transitive",
        "resolved": "2.14.1",
        "contentHash": "lQKvtaTDOXnoVJ20ibTuSIOf2i0uO0MPbDhd1jm238I+U/2ZnRENj0cktKZhtchBMtCUSRQ5v4xBCUbKNmyVMw=="
      },
      "Microsoft.AspNetCore.Html.Abstractions": {
        "type": "Transitive",
        "resolved": "2.2.0",
        "contentHash": "Y4rs5aMEXY8G7wJo5S3EEt6ltqyOTr/qOeZzfn+hw/fuQj5GppGckMY5psGLETo1U9hcT5MmAhaT5xtusM1b5g==",
        "dependencies": {
          "System.Text.Encodings.Web": "4.5.0"
        }
      },
      "Microsoft.Bcl.AsyncInterfaces": {
        "type": "Transitive",
        "resolved": "9.0.0",
        "contentHash": "owmu2Cr3IQ8yQiBleBHlGk8dSQ12oaF2e7TpzwJKEl4m84kkZJjEY1n33L67Y3zM5jPOjmmbdHjbfiL0RqcMRQ=="
      },
      "Microsoft.Bcl.HashCode": {
        "type": "Transitive",
        "resolved": "6.0.0",
        "contentHash": "GI4jcoi6eC9ZhNOQylIBaWOQjyGaR8T6N3tC1u8p3EXfndLCVNNWa+Zp+ocjvvS3kNBN09Zma2HXL0ezO0dRfw=="
      },
      "Microsoft.CodeAnalysis": {
        "type": "Transitive",
        "resolved": "4.12.0",
        "contentHash": "aOS645PGfzpK5u9PRpga/PDeiZJIRfsaywJrg3J7kf4gX84yMPidgoSoiO4z7VXG7wru0lPMUL07m0U8I0OTTw==",
        "dependencies": {
          "Humanizer.Core": "2.14.1",
          "Microsoft.Bcl.AsyncInterfaces": "8.0.0",
          "Microsoft.CodeAnalysis.Analyzers": "3.3.4",
          "Microsoft.CodeAnalysis.CSharp.Workspaces": "[4.12.0]",
          "Microsoft.CodeAnalysis.VisualBasic.Workspaces": "[4.12.0]",
          "System.Buffers": "4.5.1",
          "System.Collections.Immutable": "8.0.0",
          "System.Composition": "8.0.0",
          "System.IO.Pipelines": "8.0.0",
          "System.Memory": "4.5.5",
          "System.Numerics.Vectors": "4.5.0",
          "System.Reflection.Metadata": "8.0.0",
          "System.Runtime.CompilerServices.Unsafe": "6.0.0",
          "System.Text.Encoding.CodePages": "7.0.0",
          "System.Threading.Channels": "7.0.0",
          "System.Threading.Tasks.Extensions": "4.5.4"
        }
      },
      "Microsoft.CodeAnalysis.Analyzers": {
        "type": "Transitive",
        "resolved": "3.3.4",
        "contentHash": "AxkxcPR+rheX0SmvpLVIGLhOUXAKG56a64kV9VQZ4y9gR9ZmPXnqZvHJnmwLSwzrEP6junUF11vuc+aqo5r68g=="
      },
      "Microsoft.CodeAnalysis.AnalyzerUtilities": {
        "type": "Transitive",
        "resolved": "3.3.0",
        "contentHash": "gyQ70pJ4T7hu/s0+QnEaXtYfeG/JrttGnxHJlrhpxsQjRIUGuRhVwNBtkHHYOrUAZ/l47L98/NiJX6QmTwAyrg=="
      },
      "Microsoft.CodeAnalysis.Common": {
        "type": "Transitive",
        "resolved": "4.12.0",
        "contentHash": "c1kNYihL2gdcuU1dqm8R8YeA4YkB43TpU3pa2r66Uooh6AAhRtENzj9A4Kj0a+H8JDDyuTjNZql9XlVUzV+UjA==",
        "dependencies": {
          "Microsoft.CodeAnalysis.Analyzers": "3.3.4",
          "System.Collections.Immutable": "8.0.0",
          "System.Reflection.Metadata": "8.0.0"
        }
      },
      "Microsoft.CodeAnalysis.CSharp": {
        "type": "Transitive",
        "resolved": "4.12.0",
        "contentHash": "30vVQ1MizeC22iEdEvI2w0eTIYG43/L20yBzuQH01xKzJgHAoWehzI2F8u07o4mXh4DGMOjQF7aEm0zzvsG3Mg==",
        "dependencies": {
          "Microsoft.CodeAnalysis.Analyzers": "3.3.4",
          "Microsoft.CodeAnalysis.Common": "[4.12.0]",
          "System.Collections.Immutable": "8.0.0",
          "System.Reflection.Metadata": "8.0.0"
        }
      },
      "Microsoft.CodeAnalysis.CSharp.Features": {
        "type": "Transitive",
        "resolved": "4.12.0",
        "contentHash": "AGIeRdiahhtZc1dJoMun/qPvNJshMMkZEQiMRdD8IfoqYckQ6rdutB888o33rmFKelmUCnHl/6YCNlUW5cgG4w==",
        "dependencies": {
          "Humanizer.Core": "2.14.1",
          "Microsoft.CodeAnalysis.AnalyzerUtilities": "3.3.0",
          "Microsoft.CodeAnalysis.Analyzers": "3.3.4",
          "Microsoft.CodeAnalysis.CSharp": "[4.12.0]",
          "Microsoft.CodeAnalysis.CSharp.Workspaces": "[4.12.0]",
          "Microsoft.CodeAnalysis.Common": "[4.12.0]",
          "Microsoft.CodeAnalysis.Elfie": "1.0.0",
          "Microsoft.CodeAnalysis.Features": "[4.12.0]",
          "Microsoft.CodeAnalysis.Workspaces.Common": "[4.12.0]",
          "Microsoft.DiaSymReader": "2.0.0",
          "System.Collections.Immutable": "8.0.0",
          "System.Composition": "8.0.0",
          "System.Configuration.ConfigurationManager": "8.0.0",
          "System.Diagnostics.EventLog": "8.0.0",
          "System.IO.Pipelines": "8.0.0",
          "System.Reflection.Metadata": "8.0.0",
          "System.Security.Cryptography.ProtectedData": "8.0.0",
          "System.Text.Encodings.Web": "8.0.0",
          "System.Text.Json": "8.0.4",
          "System.Threading.Channels": "7.0.0"
        }
      },
      "Microsoft.CodeAnalysis.CSharp.Scripting": {
        "type": "Transitive",
        "resolved": "4.12.0",
        "contentHash": "w2b47HQD/2bnFL+yKaaLTo/fNdx6mviHWl2YEqBHaFE08mTLAZPsLNiUuJzlx7oED0LnKZiC8cGPt2ImWWyJyg==",
        "dependencies": {
          "Microsoft.CSharp": "4.7.0",
          "Microsoft.CodeAnalysis.Analyzers": "3.3.4",
          "Microsoft.CodeAnalysis.CSharp": "[4.12.0]",
          "Microsoft.CodeAnalysis.Common": "[4.12.0]",
          "Microsoft.CodeAnalysis.Scripting.Common": "[4.12.0]",
          "System.Collections.Immutable": "8.0.0",
          "System.Reflection.Metadata": "8.0.0"
        }
      },
      "Microsoft.CodeAnalysis.CSharp.Workspaces": {
        "type": "Transitive",
        "resolved": "4.12.0",
        "contentHash": "ZZ08UBgL3f3VeVvRA1k+PGZYbCIy2EBX4nBld/1ndsaoUZcwqkUaXbljjpoJ5reozpRrBPMUJ0E34REaVgYKjw==",
        "dependencies": {
          "Humanizer.Core": "2.14.1",
          "Microsoft.CodeAnalysis.Analyzers": "3.3.4",
          "Microsoft.CodeAnalysis.CSharp": "[4.12.0]",
          "Microsoft.CodeAnalysis.Common": "[4.12.0]",
          "Microsoft.CodeAnalysis.Workspaces.Common": "[4.12.0]",
          "System.Collections.Immutable": "8.0.0",
          "System.Composition": "8.0.0",
          "System.IO.Pipelines": "8.0.0",
          "System.Reflection.Metadata": "8.0.0",
          "System.Threading.Channels": "7.0.0"
        }
      },
      "Microsoft.CodeAnalysis.Elfie": {
        "type": "Transitive",
        "resolved": "1.0.0",
        "contentHash": "r12elUp4MRjdnRfxEP+xqVSUUfG3yIJTBEJGwbfvF5oU4m0jb9HC0gFG28V/dAkYGMkRmHVi3qvrnBLQSw9X3Q==",
        "dependencies": {
          "System.Configuration.ConfigurationManager": "4.5.0",
          "System.Data.DataSetExtensions": "4.5.0"
        }
      },
      "Microsoft.CodeAnalysis.Features": {
        "type": "Transitive",
        "resolved": "4.12.0",
        "contentHash": "4mfBVwYUiDoRE5vhNNHBC7/e1f7kqjwaSTC3K6kRaX0xZRCr2LAqT51KOGrhL2uNbAdOGh05wtvh1u+qogcaCQ==",
        "dependencies": {
          "Humanizer.Core": "2.14.1",
          "Microsoft.CodeAnalysis.AnalyzerUtilities": "3.3.0",
          "Microsoft.CodeAnalysis.Analyzers": "3.3.4",
          "Microsoft.CodeAnalysis.Common": "[4.12.0]",
          "Microsoft.CodeAnalysis.Elfie": "1.0.0",
          "Microsoft.CodeAnalysis.Scripting.Common": "[4.12.0]",
          "Microsoft.CodeAnalysis.Workspaces.Common": "[4.12.0]",
          "Microsoft.DiaSymReader": "2.0.0",
          "System.Collections.Immutable": "8.0.0",
          "System.Composition": "8.0.0",
          "System.Configuration.ConfigurationManager": "8.0.0",
          "System.Diagnostics.EventLog": "8.0.0",
          "System.IO.Pipelines": "8.0.0",
          "System.Reflection.Metadata": "8.0.0",
          "System.Security.Cryptography.ProtectedData": "8.0.0",
          "System.Text.Encodings.Web": "8.0.0",
          "System.Text.Json": "8.0.4",
          "System.Threading.Channels": "7.0.0"
        }
      },
      "Microsoft.CodeAnalysis.Scripting": {
        "type": "Transitive",
        "resolved": "4.12.0",
        "contentHash": "UvETrgUcMgF3TPMqFSw+HozqiS0MHU7YlOwB/MKEXxMyjq90P4NLfxMhhYQFBAfqI4lk3o7Z9DGrlzuulUS/Ww==",
        "dependencies": {
          "Microsoft.CSharp": "4.7.0",
          "Microsoft.CodeAnalysis.Analyzers": "3.3.4",
          "Microsoft.CodeAnalysis.CSharp.Scripting": "[4.12.0]",
          "System.Buffers": "4.5.1",
          "System.Collections.Immutable": "8.0.0",
          "System.Memory": "4.5.5",
          "System.Numerics.Vectors": "4.5.0",
          "System.Reflection.Metadata": "8.0.0",
          "System.Runtime.CompilerServices.Unsafe": "6.0.0",
          "System.Text.Encoding.CodePages": "7.0.0",
          "System.Threading.Tasks.Extensions": "4.5.4"
        }
      },
      "Microsoft.CodeAnalysis.Scripting.Common": {
        "type": "Transitive",
        "resolved": "4.12.0",
        "contentHash": "HS0nh9K+cSKLf04oDMExJKyZLzBv4tM2MNq6kmJCPuP7gf1chC7Iu6N1PYn7cw0PT9a3JuJf6Y1X7PXDpPJNrg==",
        "dependencies": {
          "Microsoft.CodeAnalysis.Analyzers": "3.3.4",
          "Microsoft.CodeAnalysis.Common": "[4.12.0]",
          "System.Collections.Immutable": "8.0.0",
          "System.Reflection.Metadata": "8.0.0"
        }
      },
      "Microsoft.CodeAnalysis.VisualBasic": {
        "type": "Transitive",
        "resolved": "4.12.0",
        "contentHash": "RBxRpzTe2nqG96F/vJA5QK2YAuyFyg4+8VzSUW9DvZxNHGqz1taAC0KgOGd8VywGWIdZ7LhAdSI0Z6dlOkxN7w==",
        "dependencies": {
          "Microsoft.CodeAnalysis.Analyzers": "3.3.4",
          "Microsoft.CodeAnalysis.Common": "[4.12.0]",
          "System.Collections.Immutable": "8.0.0",
          "System.Reflection.Metadata": "8.0.0"
        }
      },
      "Microsoft.CodeAnalysis.VisualBasic.Workspaces": {
        "type": "Transitive",
        "resolved": "4.12.0",
        "contentHash": "//BOaYtbtQIFBNKS4AWVQStq3cpQRsItSnHGcZfRAnMZuMWuQ/dC6Lz7RR17nXkM6WwdCgJWTl0UBf2MElc3DQ==",
        "dependencies": {
          "Humanizer.Core": "2.14.1",
          "Microsoft.CodeAnalysis.Analyzers": "3.3.4",
          "Microsoft.CodeAnalysis.Common": "[4.12.0]",
          "Microsoft.CodeAnalysis.VisualBasic": "[4.12.0]",
          "Microsoft.CodeAnalysis.Workspaces.Common": "[4.12.0]",
          "System.Collections.Immutable": "8.0.0",
          "System.Composition": "8.0.0",
          "System.IO.Pipelines": "8.0.0",
          "System.Reflection.Metadata": "8.0.0",
          "System.Threading.Channels": "7.0.0"
        }
      },
      "Microsoft.CodeAnalysis.Workspaces.Common": {
        "type": "Transitive",
        "resolved": "4.12.0",
        "contentHash": "9WFrMPm/k72qo7pxn6hPIS/UIAFVS/2yKBWJAW+kkmcY8PCsuBgp5ms+pmRI3mjAf7J1SmpdgHpRj2x1Gqc+9A==",
        "dependencies": {
          "Humanizer.Core": "2.14.1",
          "Microsoft.CodeAnalysis.Analyzers": "3.3.4",
          "Microsoft.CodeAnalysis.Common": "[4.12.0]",
          "System.Collections.Immutable": "8.0.0",
          "System.Composition": "8.0.0",
          "System.IO.Pipelines": "8.0.0",
          "System.Reflection.Metadata": "8.0.0",
          "System.Threading.Channels": "7.0.0"
        }
      },
      "Microsoft.CodeCoverage": {
        "type": "Transitive",
        "resolved": "17.12.0",
        "contentHash": "4svMznBd5JM21JIG2xZKGNanAHNXplxf/kQDFfLHXQ3OnpJkayRK/TjacFjA+EYmoyuNXHo/sOETEfcYtAzIrA=="
      },
      "Microsoft.CSharp": {
        "type": "Transitive",
        "resolved": "4.7.0",
        "contentHash": "pTj+D3uJWyN3My70i2Hqo+OXixq3Os2D1nJ2x92FFo6sk8fYS1m1WLNTs0Dc1uPaViH0YvEEwvzddQ7y4rhXmA=="
      },
      "Microsoft.DiaSymReader": {
        "type": "Transitive",
        "resolved": "2.0.0",
        "contentHash": "QcZrCETsBJqy/vQpFtJc+jSXQ0K5sucQ6NUFbTNVHD4vfZZOwjZ/3sBzczkC4DityhD3AVO/+K/+9ioLs1AgRA=="
      },
      "Microsoft.DotNet.Interactive.Documents": {
        "type": "Transitive",
        "resolved": "1.0.0-beta.25177.1",
        "contentHash": "5zET+iSTxM9ry1hl9n28takKlS+Tt4cCag4mPPPEAN1RdY4S2qMeOWQU+/wtPYLUr12P9x4X/sIc34oRbylmsQ==",
        "dependencies": {
          "Microsoft.Bcl.AsyncInterfaces": "9.0.0",
          "Microsoft.Bcl.HashCode": "6.0.0",
          "System.Collections.Immutable": "8.0.0",
          "System.IO.Pipelines": "9.0.0",
          "System.Memory": "4.6.0",
          "System.Text.Json": "9.0.0"
        }
      },
      "Microsoft.NETCore.Platforms": {
        "type": "Transitive",
        "resolved": "1.1.0",
        "contentHash": "kz0PEW2lhqygehI/d6XsPCQzD7ff7gUJaVGPVETX611eadGsA3A877GdSlU0LRVMCTH/+P3o2iDTak+S08V2+A=="
      },
      "Microsoft.NETCore.Targets": {
        "type": "Transitive",
        "resolved": "1.1.0",
        "contentHash": "aOZA3BWfz9RXjpzt0sRJJMjAscAUm3Hoa4UWAfceV9UTYxgwZ1lZt5nO2myFf+/jetYQo4uTP7zS8sJY67BBxg=="
      },
      "Microsoft.TestPlatform.ObjectModel": {
        "type": "Transitive",
        "resolved": "17.12.0",
        "contentHash": "TDqkTKLfQuAaPcEb3pDDWnh7b3SyZF+/W9OZvWFp6eJCIiiYFdSB6taE2I6tWrFw5ywhzOb6sreoGJTI6m3rSQ==",
        "dependencies": {
          "System.Reflection.Metadata": "1.6.0"
        }
      },
      "Microsoft.TestPlatform.TestHost": {
        "type": "Transitive",
        "resolved": "17.12.0",
        "contentHash": "MiPEJQNyADfwZ4pJNpQex+t9/jOClBGMiCiVVFuELCMSX2nmNfvUor3uFVxNNCg30uxDP8JDYfPnMXQzsfzYyg==",
        "dependencies": {
          "Microsoft.TestPlatform.ObjectModel": "17.12.0",
          "Newtonsoft.Json": "13.0.1"
        }
      },
      "Newtonsoft.Json": {
        "type": "Transitive",
        "resolved": "13.0.1",
        "contentHash": "ppPFpBcvxdsfUonNcvITKqLl3bqxWbDCZIzDWHzjpdAHRFfZe0Dw9HmA0+za13IdyrgJwpkDTDA9fHaxOrt20A=="
      },
      "System.Buffers": {
        "type": "Transitive",
        "resolved": "4.5.1",
        "contentHash": "Rw7ijyl1qqRS0YQD/WycNst8hUUMgrMH4FCn1nNm27M4VxchZ1js3fVjQaANHO5f3sN4isvP4a+Met9Y4YomAg=="
      },
      "System.Collections.Immutable": {
        "type": "Transitive",
        "resolved": "8.0.0",
        "contentHash": "AurL6Y5BA1WotzlEvVaIDpqzpIPvYnnldxru8oXJU2yFxFUy3+pNXjXd1ymO+RA0rq0+590Q8gaz2l3Sr7fmqg=="
      },
      "System.Composition": {
        "type": "Transitive",
        "resolved": "8.0.0",
        "contentHash": "E9oO9olNNxA39J8CxQwf7ceIPm+j/B/PhYpyK9M4LhN/OLLRw6u5fNInkhVqaWueMB9iXxYqnwqwgz+W91loIA==",
        "dependencies": {
          "System.Composition.AttributedModel": "8.0.0",
          "System.Composition.Convention": "8.0.0",
          "System.Composition.Hosting": "8.0.0",
          "System.Composition.Runtime": "8.0.0",
          "System.Composition.TypedParts": "8.0.0"
        }
      },
      "System.Composition.AttributedModel": {
        "type": "Transitive",
        "resolved": "8.0.0",
        "contentHash": "NyElSuvmBMYdn2iPG0n29i7Igu0bq99izOP3MAtEwskY3OP9jqsavvVmPn9lesVaj/KT/o/QkNjA43dOJTsDQw=="
      },
      "System.Composition.Convention": {
        "type": "Transitive",
        "resolved": "8.0.0",
        "contentHash": "UuVkc1B3vQU/LzEbWLMZ1aYVssv4rpShzf8wPEyrUqoGNqdYKREmB8bXR73heOMKkwS6ZnPz3PjGODT2MenukQ==",
        "dependencies": {
          "System.Composition.AttributedModel": "8.0.0"
        }
      },
      "System.Composition.Hosting": {
        "type": "Transitive",
        "resolved": "8.0.0",
        "contentHash": "qwbONqoxlazxcbiohvb3t1JWZgKIKcRdXS5uEeLbo5wtuBupIbAvdC3PYTAeBCZrZeERvrtAbhYHuuS43Zr1bQ==",
        "dependencies": {
          "System.Composition.Runtime": "8.0.0"
        }
      },
      "System.Composition.Runtime": {
        "type": "Transitive",
        "resolved": "8.0.0",
        "contentHash": "G+kRyB5/6+3ucRRQz+DF4uSHGqpkK8Q4ilVdbt4zvxpmvLVZNmSkyFAQpJLcbOyVF85aomJx0m+TGMDVlwx7ZQ=="
      },
      "System.Composition.TypedParts": {
        "type": "Transitive",
        "resolved": "8.0.0",
        "contentHash": "DsSklhuA+Dsgo3ZZrar8hjBFvq1wa1grrkNCTt+6SoX3vq0Vy+HXJnVXrU/nNH1BjlGH684A7h4hJQHZd/u5mA==",
        "dependencies": {
          "System.Composition.AttributedModel": "8.0.0",
          "System.Composition.Hosting": "8.0.0",
          "System.Composition.Runtime": "8.0.0"
        }
      },
      "System.Configuration.ConfigurationManager": {
        "type": "Transitive",
        "resolved": "8.0.0",
        "contentHash": "JlYi9XVvIREURRUlGMr1F6vOFLk7YSY4p1vHo4kX3tQ0AGrjqlRWHDi66ImHhy6qwXBG3BJ6Y1QlYQ+Qz6Xgww==",
        "dependencies": {
          "System.Diagnostics.EventLog": "8.0.0",
          "System.Security.Cryptography.ProtectedData": "8.0.0"
        }
      },
      "System.Data.DataSetExtensions": {
        "type": "Transitive",
        "resolved": "4.5.0",
        "contentHash": "221clPs1445HkTBZPL+K9sDBdJRB8UN8rgjO3ztB0CQ26z//fmJXtlsr6whGatscsKGBrhJl5bwJuKSA8mwFOw=="
      },
      "System.Diagnostics.DiagnosticSource": {
        "type": "Transitive",
        "resolved": "9.0.0",
        "contentHash": "ddppcFpnbohLWdYKr/ZeLZHmmI+DXFgZ3Snq+/E7SwcdW4UnvxmaugkwGywvGVWkHPGCSZjCP+MLzu23AL5SDw=="
      },
      "System.Diagnostics.EventLog": {
        "type": "Transitive",
        "resolved": "8.0.0",
        "contentHash": "fdYxcRjQqTTacKId/2IECojlDSFvp7LP5N78+0z/xH7v/Tuw5ZAxu23Y6PTCRinqyu2ePx+Gn1098NC6jM6d+A=="
      },
      "System.IO": {
        "type": "Transitive",
        "resolved": "4.3.0",
        "contentHash": "3qjaHvxQPDpSOYICjUoTsmoq5u6QJAFRUITgeT/4gqkF1bajbSmb1kwSxEA8AHlofqgcKJcM8udgieRNhaJ5Cg==",
        "dependencies": {
          "Microsoft.NETCore.Platforms": "1.1.0",
          "Microsoft.NETCore.Targets": "1.1.0",
          "System.Runtime": "4.3.0",
          "System.Text.Encoding": "4.3.0",
          "System.Threading.Tasks": "4.3.0"
        }
      },
      "System.IO.Pipelines": {
        "type": "Transitive",
        "resolved": "9.0.0",
        "contentHash": "eA3cinogwaNB4jdjQHOP3Z3EuyiDII7MT35jgtnsA4vkn0LUrrSHsU0nzHTzFzmaFYeKV7MYyMxOocFzsBHpTw=="
      },
      "System.Memory": {
        "type": "Transitive",
        "resolved": "4.6.0",
        "contentHash": "OEkbBQoklHngJ8UD8ez2AERSk2g+/qpAaSWWCBFbpH727HxDq5ydVkuncBaKcKfwRqXGWx64dS6G1SUScMsitg=="
      },
      "System.Numerics.Vectors": {
        "type": "Transitive",
        "resolved": "4.5.0",
        "contentHash": "QQTlPTl06J/iiDbJCiepZ4H//BVraReU4O4EoRw1U02H5TLUIT7xn3GnDp9AXPSlJUDyFs4uWjWafNX6WrAojQ=="
      },
      "System.Reactive": {
        "type": "Transitive",
        "resolved": "6.0.0",
        "contentHash": "31kfaW4ZupZzPsI5PVe77VhnvFF55qgma7KZr/E0iFTs6fmdhhG8j0mgEx620iLTey1EynOkEfnyTjtNEpJzGw=="
      },
      "System.Reflection": {
        "type": "Transitive",
        "resolved": "4.3.0",
        "contentHash": "KMiAFoW7MfJGa9nDFNcfu+FpEdiHpWgTcS2HdMpDvt9saK3y/G4GwprPyzqjFH9NTaGPQeWNHU+iDlDILj96aQ==",
        "dependencies": {
          "Microsoft.NETCore.Platforms": "1.1.0",
          "Microsoft.NETCore.Targets": "1.1.0",
          "System.IO": "4.3.0",
          "System.Reflection.Primitives": "4.3.0",
          "System.Runtime": "4.3.0"
        }
      },
      "System.Reflection.Metadata": {
        "type": "Transitive",
        "resolved": "8.0.0",
        "contentHash": "ptvgrFh7PvWI8bcVqG5rsA/weWM09EnthFHR5SCnS6IN+P4mj6rE1lBDC4U8HL9/57htKAqy4KQ3bBj84cfYyQ==",
        "dependencies": {
          "System.Collections.Immutable": "8.0.0"
        }
      },
      "System.Reflection.Primitives": {
        "type": "Transitive",
        "resolved": "4.3.0",
        "contentHash": "5RXItQz5As4xN2/YUDxdpsEkMhvw3e6aNveFXUn4Hl/udNTCNhnKp8lT9fnc3MhvGKh1baak5CovpuQUXHAlIA==",
        "dependencies": {
          "Microsoft.NETCore.Platforms": "1.1.0",
          "Microsoft.NETCore.Targets": "1.1.0",
          "System.Runtime": "4.3.0"
        }
      },
      "System.Runtime": {
        "type": "Transitive",
        "resolved": "4.3.0",
        "contentHash": "JufQi0vPQ0xGnAczR13AUFglDyVYt4Kqnz1AZaiKZ5+GICq0/1MH/mO/eAJHt/mHW1zjKBJd7kV26SrxddAhiw==",
        "dependencies": {
          "Microsoft.NETCore.Platforms": "1.1.0",
          "Microsoft.NETCore.Targets": "1.1.0"
        }
      },
      "System.Runtime.CompilerServices.Unsafe": {
        "type": "Transitive",
        "resolved": "6.0.0",
        "contentHash": "/iUeP3tq1S0XdNNoMz5C9twLSrM/TH+qElHkXWaPvuNOt+99G75NrV0OS2EqHx5wMN7popYjpc8oTjC1y16DLg=="
      },
      "System.Runtime.Loader": {
        "type": "Transitive",
        "resolved": "4.3.0",
        "contentHash": "DHMaRn8D8YCK2GG2pw+UzNxn/OHVfaWx7OTLBD/hPegHZZgcZh3H6seWegrC4BYwsfuGrywIuT+MQs+rPqRLTQ==",
        "dependencies": {
          "System.IO": "4.3.0",
          "System.Reflection": "4.3.0",
          "System.Runtime": "4.3.0"
        }
      },
      "System.Security.Cryptography.ProtectedData": {
        "type": "Transitive",
        "resolved": "8.0.0",
        "contentHash": "+TUFINV2q2ifyXauQXRwy4CiBhqvDEDZeVJU7qfxya4aRYOKzVBpN+4acx25VcPB9ywUN6C0n8drWl110PhZEg=="
      },
      "System.Text.Encoding": {
        "type": "Transitive",
        "resolved": "4.3.0",
        "contentHash": "BiIg+KWaSDOITze6jGQynxg64naAPtqGHBwDrLaCtixsa5bKiR8dpPOHA7ge3C0JJQizJE+sfkz1wV+BAKAYZw==",
        "dependencies": {
          "Microsoft.NETCore.Platforms": "1.1.0",
          "Microsoft.NETCore.Targets": "1.1.0",
          "System.Runtime": "4.3.0"
        }
      },
      "System.Text.Encoding.CodePages": {
        "type": "Transitive",
        "resolved": "7.0.0",
        "contentHash": "LSyCblMpvOe0N3E+8e0skHcrIhgV2huaNcjUUEa8hRtgEAm36aGkRoC8Jxlb6Ra6GSfF29ftduPNywin8XolzQ=="
      },
      "System.Text.Encodings.Web": {
        "type": "Transitive",
        "resolved": "8.0.0",
        "contentHash": "yev/k9GHAEGx2Rg3/tU6MQh4HGBXJs70y7j1LaM1i/ER9po+6nnQ6RRqTJn1E7Xu0fbIFK80Nh5EoODxrbxwBQ=="
      },
      "System.Text.Json": {
        "type": "Transitive",
        "resolved": "9.0.0",
        "contentHash": "js7+qAu/9mQvnhA4EfGMZNEzXtJCDxgkgj8ohuxq/Qxv+R56G+ljefhiJHOxTNiw54q8vmABCWUwkMulNdlZ4A=="
      },
      "System.Threading.Channels": {
        "type": "Transitive",
        "resolved": "7.0.0",
        "contentHash": "qmeeYNROMsONF6ndEZcIQ+VxR4Q/TX/7uIVLJqtwIWL7dDWeh0l1UIqgo4wYyjG//5lUNhwkLDSFl+pAWO6oiA=="
      },
      "System.Threading.Tasks": {
        "type": "Transitive",
        "resolved": "4.3.0",
        "contentHash": "LbSxKEdOUhVe8BezB/9uOGGppt+nZf6e1VFyw6v3DN6lqitm0OSn2uXMOdtP0M3W4iMcqcivm2J6UgqiwwnXiA==",
        "dependencies": {
          "Microsoft.NETCore.Platforms": "1.1.0",
          "Microsoft.NETCore.Targets": "1.1.0",
          "System.Runtime": "4.3.0"
        }
      },
      "System.Threading.Tasks.Extensions": {
        "type": "Transitive",
        "resolved": "4.5.4",
        "contentHash": "zteT+G8xuGu6mS+mzDzYXbzS7rd3K6Fjb9RiZlYlJPam2/hU7JCBZBVEcywNuR+oZ1ncTvc/cq0faRr3P01OVg=="
      },
      "sequential-reveal-md-tool": {
        "type": "Project",
        "dependencies": {
          "Microsoft.DotNet.Interactive": "[1.0.0-beta.25177.1, )"
        }
      }
    }
  }
}